
Microsoft Visual Studio Solution File, Format Version 12.00
# Visual Studio Version 17
VisualStudioVersion = 17.11.35327.3
MinimumVisualStudioVersion = 10.0.40219.1
Project("{2150E333-8FDC-42A3-9474-1A3956D46DE8}") = "Modules", "Modules", "{5F042E29-70A2-4CD4-A647-5CF7798A70CC}"
EndProject
Project("{2150E333-8FDC-42A3-9474-1A3956D46DE8}") = "Bootstrapper", "Bootstrapper", "{D6302014-C5FF-473C-908B-8AB39783808D}"
EndProject
Project("{2150E333-8FDC-42A3-9474-1A3956D46DE8}") = "Shared", "Shared", "{8D146B0A-DB37-4E6F-9E61-0EE572D0A565}"
EndProject
Project("{9A19103F-16F7-4668-BE54-9A1E7A4F7556}") = "Api", "Api\Api.csproj", "{92616EF8-D32E-4786-8DC2-33511A622426}"
EndProject
Project("{2150E333-8FDC-42A3-9474-1A3956D46DE8}") = "User", "User", "{5B7FB755-A239-4AAE-A13E-9AB7F19A91EA}"
EndProject
Project("{2150E333-8FDC-42A3-9474-1A3956D46DE8}") = "MedicationPlan", "MedicationPlan", "{619B00AC-63E9-4683-9809-D84D8774DF09}"
EndProject
Project("{2150E333-8FDC-42A3-9474-1A3956D46DE8}") = "Glucometer", "Glucometer", "{ADE78201-905D-437D-9332-C6E903C90A02}"
EndProject
Project("{9A19103F-16F7-4668-BE54-9A1E7A4F7556}") = "Glucometer", "Glucometer\Glucometer.csproj", "{44FBCE82-995A-4429-AF94-A85EA3ADF40B}"
EndProject
Project("{9A19103F-16F7-4668-BE54-9A1E7A4F7556}") = "MedicationPlan", "MedicationPlan\MedicationPlan.csproj", "{DAE941DE-BBDE-4A48-841F-86D9614DF45A}"
EndProject
Project("{9A19103F-16F7-4668-BE54-9A1E7A4F7556}") = "User", "User\User.csproj", "{5FF48CCD-7303-4F90-8BBF-87E80B40F706}"
EndProject
Project("{9A19103F-16F7-4668-BE54-9A1E7A4F7556}") = "Common", "Common\Common.csproj", "{F99DC5F5-E1EF-4D08-B5C2-0061B99DD6A7}"
EndProject
Project("{2150E333-8FDC-42A3-9474-1A3956D46DE8}") = "Tests", "Tests", "{082BFDAD-5504-4703-A4FF-9C32A1193406}"
EndProject
Project("{FAE04EC0-301F-11D3-BF4B-00C04F79EFBC}") = "GlucometerTest", "GlucometerTest\GlucometerTest.csproj", "{6D261B65-1B3E-4246-989C-6F7C730439D6}"
EndProject
Project("{FAE04EC0-301F-11D3-BF4B-00C04F79EFBC}") = "UserTest", "UserTest\UserTest.csproj", "{391B6269-21BB-4C52-B981-B3AE9C2B4156}"
EndProject
Project("{FAE04EC0-301F-11D3-BF4B-00C04F79EFBC}") = "MedicationPlanTest", "MedicationPlanTest\MedicationPlanTest.csproj", "{B323E3EB-54DE-4703-A47F-A4DA11FC322F}"
EndProject
Global
	GlobalSection(SolutionConfigurationPlatforms) = preSolution
		Debug|Any CPU = Debug|Any CPU
		Release|Any CPU = Release|Any CPU
	EndGlobalSection
	GlobalSection(ProjectConfigurationPlatforms) = postSolution
		{92616EF8-D32E-4786-8DC2-33511A622426}.Debug|Any CPU.ActiveCfg = Debug|Any CPU
		{92616EF8-D32E-4786-8DC2-33511A622426}.Debug|Any CPU.Build.0 = Debug|Any CPU
		{92616EF8-D32E-4786-8DC2-33511A622426}.Release|Any CPU.ActiveCfg = Release|Any CPU
		{92616EF8-D32E-4786-8DC2-33511A622426}.Release|Any CPU.Build.0 = Release|Any CPU
		{44FBCE82-995A-4429-AF94-A85EA3ADF40B}.Debug|Any CPU.ActiveCfg = Debug|Any CPU
		{44FBCE82-995A-4429-AF94-A85EA3ADF40B}.Debug|Any CPU.Build.0 = Debug|Any CPU
		{44FBCE82-995A-4429-AF94-A85EA3ADF40B}.Release|Any CPU.ActiveCfg = Release|Any CPU
		{44FBCE82-995A-4429-AF94-A85EA3ADF40B}.Release|Any CPU.Build.0 = Release|Any CPU
		{DAE941DE-BBDE-4A48-841F-86D9614DF45A}.Debug|Any CPU.ActiveCfg = Debug|Any CPU
		{DAE941DE-BBDE-4A48-841F-86D9614DF45A}.Debug|Any CPU.Build.0 = Debug|Any CPU
		{DAE941DE-BBDE-4A48-841F-86D9614DF45A}.Release|Any CPU.ActiveCfg = Release|Any CPU
		{DAE941DE-BBDE-4A48-841F-86D9614DF45A}.Release|Any CPU.Build.0 = Release|Any CPU
		{5FF48CCD-7303-4F90-8BBF-87E80B40F706}.Debug|Any CPU.ActiveCfg = Debug|Any CPU
		{5FF48CCD-7303-4F90-8BBF-87E80B40F706}.Debug|Any CPU.Build.0 = Debug|Any CPU
		{5FF48CCD-7303-4F90-8BBF-87E80B40F706}.Release|Any CPU.ActiveCfg = Release|Any CPU
		{5FF48CCD-7303-4F90-8BBF-87E80B40F706}.Release|Any CPU.Build.0 = Release|Any CPU
		{F99DC5F5-E1EF-4D08-B5C2-0061B99DD6A7}.Debug|Any CPU.ActiveCfg = Debug|Any CPU
		{F99DC5F5-E1EF-4D08-B5C2-0061B99DD6A7}.Debug|Any CPU.Build.0 = Debug|Any CPU
		{F99DC5F5-E1EF-4D08-B5C2-0061B99DD6A7}.Release|Any CPU.ActiveCfg = Release|Any CPU
		{F99DC5F5-E1EF-4D08-B5C2-0061B99DD6A7}.Release|Any CPU.Build.0 = Release|Any CPU
		{6D261B65-1B3E-4246-989C-6F7C730439D6}.Debug|Any CPU.ActiveCfg = Debug|Any CPU
		{6D261B65-1B3E-4246-989C-6F7C730439D6}.Debug|Any CPU.Build.0 = Debug|Any CPU
		{6D261B65-1B3E-4246-989C-6F7C730439D6}.Release|Any CPU.ActiveCfg = Release|Any CPU
		{6D261B65-1B3E-4246-989C-6F7C730439D6}.Release|Any CPU.Build.0 = Release|Any CPU
		{391B6269-21BB-4C52-B981-B3AE9C2B4156}.Debug|Any CPU.ActiveCfg = Debug|Any CPU
		{391B6269-21BB-4C52-B981-B3AE9C2B4156}.Debug|Any CPU.Build.0 = Debug|Any CPU
		{391B6269-21BB-4C52-B981-B3AE9C2B4156}.Release|Any CPU.ActiveCfg = Release|Any CPU
		{391B6269-21BB-4C52-B981-B3AE9C2B4156}.Release|Any CPU.Build.0 = Release|Any CPU
		{B323E3EB-54DE-4703-A47F-A4DA11FC322F}.Debug|Any CPU.ActiveCfg = Debug|Any CPU
		{B323E3EB-54DE-4703-A47F-A4DA11FC322F}.Debug|Any CPU.Build.0 = Debug|Any CPU
		{B323E3EB-54DE-4703-A47F-A4DA11FC322F}.Release|Any CPU.ActiveCfg = Release|Any CPU
		{B323E3EB-54DE-4703-A47F-A4DA11FC322F}.Release|Any CPU.Build.0 = Release|Any CPU
	EndGlobalSection
	GlobalSection(SolutionProperties) = preSolution
		HideSolutionNode = FALSE
	EndGlobalSection
	GlobalSection(NestedProjects) = preSolution
		{92616EF8-D32E-4786-8DC2-33511A622426} = {D6302014-C5FF-473C-908B-8AB39783808D}
		{5B7FB755-A239-4AAE-A13E-9AB7F19A91EA} = {5F042E29-70A2-4CD4-A647-5CF7798A70CC}
		{619B00AC-63E9-4683-9809-D84D8774DF09} = {5F042E29-70A2-4CD4-A647-5CF7798A70CC}
		{ADE78201-905D-437D-9332-C6E903C90A02} = {5F042E29-70A2-4CD4-A647-5CF7798A70CC}
		{44FBCE82-995A-4429-AF94-A85EA3ADF40B} = {ADE78201-905D-437D-9332-C6E903C90A02}
		{DAE941DE-BBDE-4A48-841F-86D9614DF45A} = {619B00AC-63E9-4683-9809-D84D8774DF09}
		{5FF48CCD-7303-4F90-8BBF-87E80B40F706} = {5B7FB755-A239-4AAE-A13E-9AB7F19A91EA}
		{F99DC5F5-E1EF-4D08-B5C2-0061B99DD6A7} = {8D146B0A-DB37-4E6F-9E61-0EE572D0A565}
		{6D261B65-1B3E-4246-989C-6F7C730439D6} = {082BFDAD-5504-4703-A4FF-9C32A1193406}
		{391B6269-21BB-4C52-B981-B3AE9C2B4156} = {082BFDAD-5504-4703-A4FF-9C32A1193406}
		{B323E3EB-54DE-4703-A47F-A4DA11FC322F} = {082BFDAD-5504-4703-A4FF-9C32A1193406}
	EndGlobalSection
	GlobalSection(ExtensibilityGlobals) = postSolution
		SolutionGuid = {639AA0D8-B179-481E-9C31-20857BCC17B8}
	EndGlobalSection
EndGlobal
